
Microsoft Visual Studio Solution File, Format Version 12.00
# Visual Studio Version 17
VisualStudioVersion = 17.5.002.0
MinimumVisualStudioVersion = 10.0.40219.1
Project("{9A19103F-16F7-4668-BE54-9A1E7A4F7556}") = "GeradorSenhas", "GeradorSenhas.csproj", "{1D6B3853-C08C-45F8-93F6-0268B2074A9E}"
EndProject
Global
	GlobalSection(SolutionConfigurationPlatforms) = preSolution
		Debug|Any CPU = Debug|Any CPU
		Release|Any CPU = Release|Any CPU
	EndGlobalSection
	GlobalSection(ProjectConfigurationPlatforms) = postSolution
		{1D6B3853-C08C-45F8-93F6-0268B2074A9E}.Debug|Any CPU.ActiveCfg = Debug|Any CPU
		{1D6B3853-C08C-45F8-93F6-0268B2074A9E}.Debug|Any CPU.Build.0 = Debug|Any CPU
		{1D6B3853-C08C-45F8-93F6-0268B2074A9E}.Release|Any CPU.ActiveCfg = Release|Any CPU
		{1D6B3853-C08C-45F8-93F6-0268B2074A9E}.Release|Any CPU.Build.0 = Release|Any CPU
	EndGlobalSection
	GlobalSection(SolutionProperties) = preSolution
		HideSolutionNode = FALSE
	EndGlobalSection
	GlobalSection(ExtensibilityGlobals) = postSolution
		SolutionGuid = {3F4CC9B0-E090-4C3D-9406-978C2C71893D}
	EndGlobalSection
EndGlobal
